{
    "_readme": [
        "This file locks the dependencies of your project to a known state",
        "Read more about it at https://getcomposer.org/doc/01-basic-usage.md#composer-lock-the-lock-file",
        "This file is @generated automatically"
    ],
    "content-hash": "e6150c0b7a2fa8acfbd6e3a7bb319a8b",
    "packages": [
        {
            "name": "aelvan/Imager-Craft",
            "version": "1.6.1",
            "source": {
                "type": "git",
                "url": "https://github.com/aelvan/Imager-Craft.git",
                "reference": "v1.6.1"
            },
            "type": "library"
        },
        {
            "name": "benjamminf/craft-neo",
            "version": "1.4.1",
            "source": {
                "type": "git",
                "url": "https://github.com/benjamminf/craft-neo.git",
                "reference": "1.4.1"
            },
            "type": "library"
        },
        {
            "name": "benjamminf/craft-nocache",
            "version": "1.0.1",
            "source": {
                "type": "git",
                "url": "https://github.com/benjamminf/craft-nocache.git",
                "reference": "1.0.1"
            },
            "type": "library"
        },
        {
            "name": "benjamminf/craft-quick-field",
            "version": "0.3.4",
            "source": {
                "type": "git",
                "url": "https://github.com/benjamminf/craft-quick-field.git",
                "reference": "0.3.4"
            },
            "type": "library"
        },
        {
            "name": "benjamminf/craft-relabel",
            "version": "0.1.3",
            "source": {
                "type": "git",
                "url": "https://github.com/benjamminf/craft-relabel.git",
                "reference": "0.1.3"
            },
            "type": "library"
        },
        {
            "name": "christianruhstaller/craft-safedelete",
            "version": "0.3.0",
            "source": {
                "type": "git",
                "url": "https://github.com/christianruhstaller/craft-safedelete.git",
                "reference": "0.3.0"
            },
            "type": "library"
        },
        {
            "name": "composer/installers",
            "version": "v1.3.0",
            "source": {
                "type": "git",
                "url": "https://github.com/composer/installers.git",
                "reference": "79ad876c7498c0bbfe7eed065b8651c93bfd6045"
            },
            "dist": {
                "type": "zip",
                "url": "https://api.github.com/repos/composer/installers/zipball/79ad876c7498c0bbfe7eed065b8651c93bfd6045",
                "reference": "79ad876c7498c0bbfe7eed065b8651c93bfd6045",
                "shasum": ""
            },
            "require": {
                "composer-plugin-api": "^1.0"
            },
            "replace": {
                "roundcube/plugin-installer": "*",
                "shama/baton": "*"
            },
            "require-dev": {
                "composer/composer": "1.0.*@dev",
                "phpunit/phpunit": "4.1.*"
            },
            "type": "composer-plugin",
            "extra": {
                "class": "Composer\\Installers\\Plugin",
                "branch-alias": {
                    "dev-master": "1.0-dev"
                }
            },
            "autoload": {
                "psr-4": {
                    "Composer\\Installers\\": "src/Composer/Installers"
                }
            },
            "notification-url": "https://packagist.org/downloads/",
            "license": [
                "MIT"
            ],
            "authors": [
                {
                    "name": "Kyle Robinson Young",
                    "email": "kyle@dontkry.com",
                    "homepage": "https://github.com/shama"
                }
            ],
            "description": "A multi-framework Composer library installer",
            "homepage": "https://composer.github.io/installers/",
            "keywords": [
                "Craft",
                "Dolibarr",
                "Eliasis",
                "Hurad",
                "ImageCMS",
                "Kanboard",
                "MODX Evo",
                "Mautic",
                "Maya",
                "OXID",
                "Plentymarkets",
                "Porto",
                "RadPHP",
                "SMF",
                "Thelia",
                "WolfCMS",
                "agl",
                "aimeos",
                "annotatecms",
                "attogram",
                "bitrix",
                "cakephp",
                "chef",
                "cockpit",
                "codeigniter",
                "concrete5",
                "croogo",
                "dokuwiki",
                "drupal",
                "elgg",
                "expressionengine",
                "fuelphp",
                "grav",
                "installer",
                "itop",
                "joomla",
                "kohana",
                "laravel",
                "lavalite",
                "lithium",
                "magento",
                "mako",
                "mediawiki",
                "modulework",
                "moodle",
                "phpbb",
                "piwik",
                "ppi",
                "puppet",
                "reindex",
                "roundcube",
                "shopware",
                "silverstripe",
                "sydes",
                "symfony",
                "typo3",
                "wordpress",
                "yawik",
                "zend",
                "zikula"
            ],
            "time": "2017-04-24T06:37:16+00:00"
        },
        {
            "name": "craftcms/contact-form",
            "version": "1.9.0",
            "source": {
                "type": "git",
                "url": "https://github.com/craftcms/contact-form.git",
                "reference": "1.9.0"
            },
            "type": "library"
        },
        {
            "name": "crodas/languagedetector",
            "version": "v0.1.1",
            "source": {
                "type": "git",
                "url": "https://github.com/crodas/LanguageDetector.git",
                "reference": "07aa8bb806cb71fe4e4352c12232a5c74bf416ed"
            },
            "dist": {
                "type": "zip",
                "url": "https://api.github.com/repos/crodas/LanguageDetector/zipball/07aa8bb806cb71fe4e4352c12232a5c74bf416ed",
                "reference": "07aa8bb806cb71fe4e4352c12232a5c74bf416ed",
                "shasum": ""
            },
            "require-dev": {
                "crodas/autoloader": "~0.1"
            },
            "type": "library",
            "autoload": {
                "psr-0": {
                    "LanguageDetector": "lib/"
                }
            },
            "notification-url": "https://packagist.org/downloads/",
            "license": [
                "BSD-4-Clause"
            ],
            "authors": [
                {
                    "name": "César D. Rodas",
                    "email": "crodas@php.net"
                }
            ],
            "description": "simple library to classify texts",
            "time": "2013-11-06T01:26:03+00:00"
        },
        {
            "name": "crodas/text-rank",
            "version": "dev-master",
            "source": {
                "type": "git",
                "url": "https://github.com/crodas/TextRank.git",
                "reference": "8c113c5b0cae3eeb853891ef5afdf27d678a5940"
            },
            "dist": {
                "type": "zip",
                "url": "https://api.github.com/repos/crodas/TextRank/zipball/8c113c5b0cae3eeb853891ef5afdf27d678a5940",
                "reference": "8c113c5b0cae3eeb853891ef5afdf27d678a5940",
                "shasum": ""
            },
            "require": {
                "crodas/languagedetector": "~0.1",
                "ext-mbstring": "*"
            },
            "suggest": {
                "ext-stem": "Improves keywords selection"
            },
            "type": "library",
            "autoload": {
                "classmap": [
                    "lib/"
                ]
            },
            "notification-url": "https://packagist.org/downloads/",
            "authors": [
                {
                    "name": "César D. Rodas",
                    "email": "crodas@php.net"
                }
            ],
            "description": "Extract relevant keywords from a given text",
            "time": "2013-12-08 07:56:52"
        },
        {
            "name": "davechild/textstatistics",
            "version": "1.0.1",
            "source": {
                "type": "git",
                "url": "https://github.com/DaveChild/Text-Statistics.git",
                "reference": "6196462b4fe730a8ff0019036baf362295c161b3"
            },
            "dist": {
                "type": "zip",
                "url": "https://api.github.com/repos/DaveChild/Text-Statistics/zipball/6196462b4fe730a8ff0019036baf362295c161b3",
                "reference": "6196462b4fe730a8ff0019036baf362295c161b3",
                "shasum": ""
            },
            "require": {
                "php": ">=5.3.0"
            },
            "require-dev": {
                "phpunit/phpunit": "4.2.*"
            },
            "suggest": {
                "ext-bcmath": "More accurate floating point calculations.",
                "ext-mbstring": "Handle multi-byte text properly."
            },
            "type": "library",
            "extra": {
                "branch-alias": {
                    "dev-master": "1.0.x-dev"
                }
            },
            "autoload": {
                "psr-0": {
                    "DaveChild\\TextStatistics": "src"
                }
            },
            "notification-url": "https://packagist.org/downloads/",
            "license": [
                "BSD-2-Clause"
            ],
            "authors": [
                {
                    "name": "Dave Child",
                    "email": "dave@addedbytes.com",
                    "homepage": "https://www.addedbytes.com/",
                    "role": "Developer"
                }
            ],
            "description": "PHP package to measure the readability of text according to various algorithms.",
            "homepage": "https://github.com/DaveChild/Text-Statistics",
            "time": "2015-04-22T14:55:55+00:00"
        },
        {
            "name": "elliotlewis/Redactor-Extras",
            "version": "1.3.2",
            "source": {
                "type": "git",
                "url": "https://github.com/elliotlewis/Redactor-Extras.git",
                "reference": "v1.3.2"
            },
            "type": "library"
        },
        {
            "name": "engram-design/ExpandedSingles",
            "version": "0.2.4",
            "source": {
                "type": "git",
                "url": "https://github.com/engram-design/ExpandedSingles.git",
                "reference": "0.2.4"
            },
            "type": "library"
        },
        {
            "name": "engram-design/SuperTable",
            "version": "1.0.5",
            "source": {
                "type": "git",
                "url": "https://github.com/engram-design/SuperTable.git",
                "reference": "1.0.5"
            },
            "type": "library"
        },
        {
            "name": "fromtheoutfit/navee",
            "version": "1.3.0",
            "source": {
                "type": "git",
                "url": "https://github.com/fromtheoutfit/navee.git",
                "reference": "v1.3.0"
            },
            "type": "library"
        },
        {
            "name": "fruitstudios/LinkIt",
            "version": "2.3.4",
            "source": {
                "type": "git",
                "url": "https://github.com/fruitstudios/LinkIt.git",
                "reference": "2.3.4"
            },
            "type": "library"
        },
        {
            "name": "guzzlehttp/guzzle",
            "version": "6.3.0",
            "source": {
                "type": "git",
                "url": "https://github.com/guzzle/guzzle.git",
                "reference": "f4db5a78a5ea468d4831de7f0bf9d9415e348699"
            },
            "dist": {
                "type": "zip",
                "url": "https://api.github.com/repos/guzzle/guzzle/zipball/f4db5a78a5ea468d4831de7f0bf9d9415e348699",
                "reference": "f4db5a78a5ea468d4831de7f0bf9d9415e348699",
                "shasum": ""
            },
            "require": {
                "guzzlehttp/promises": "^1.0",
                "guzzlehttp/psr7": "^1.4",
                "php": ">=5.5"
            },
            "require-dev": {
                "ext-curl": "*",
                "phpunit/phpunit": "^4.0 || ^5.0",
                "psr/log": "^1.0"
            },
            "suggest": {
                "psr/log": "Required for using the Log middleware"
            },
            "type": "library",
            "extra": {
                "branch-alias": {
                    "dev-master": "6.2-dev"
                }
            },
            "autoload": {
                "files": [
                    "src/functions_include.php"
                ],
                "psr-4": {
                    "GuzzleHttp\\": "src/"
                }
            },
            "notification-url": "https://packagist.org/downloads/",
            "license": [
                "MIT"
            ],
            "authors": [
                {
                    "name": "Michael Dowling",
                    "email": "mtdowling@gmail.com",
                    "homepage": "https://github.com/mtdowling"
                }
            ],
            "description": "Guzzle is a PHP HTTP client library",
            "homepage": "http://guzzlephp.org/",
            "keywords": [
                "client",
                "curl",
                "framework",
                "http",
                "http client",
                "rest",
                "web service"
            ],
            "time": "2017-06-22T18:50:49+00:00"
        },
        {
            "name": "guzzlehttp/promises",
            "version": "dev-master",
            "source": {
                "type": "git",
                "url": "https://github.com/guzzle/promises.git",
                "reference": "09e549f5534380c68761260a71f847644d8f65aa"
            },
            "dist": {
                "type": "zip",
                "url": "https://api.github.com/repos/guzzle/promises/zipball/09e549f5534380c68761260a71f847644d8f65aa",
                "reference": "09e549f5534380c68761260a71f847644d8f65aa",
                "shasum": ""
            },
            "require": {
                "php": ">=5.5.0"
            },
            "require-dev": {
                "phpunit/phpunit": "^4.0"
            },
            "type": "library",
            "extra": {
                "branch-alias": {
                    "dev-master": "1.4-dev"
                }
            },
            "autoload": {
                "psr-4": {
                    "GuzzleHttp\\Promise\\": "src/"
                },
                "files": [
                    "src/functions_include.php"
                ]
            },
            "notification-url": "https://packagist.org/downloads/",
            "license": [
                "MIT"
            ],
            "authors": [
                {
                    "name": "Michael Dowling",
                    "email": "mtdowling@gmail.com",
                    "homepage": "https://github.com/mtdowling"
                }
            ],
            "description": "Guzzle promises library",
            "keywords": [
                "promise"
            ],
            "time": "2017-05-20 23:14:18"
        },
        {
            "name": "guzzlehttp/psr7",
            "version": "dev-master",
            "source": {
                "type": "git",
                "url": "https://github.com/guzzle/psr7.git",
                "reference": "811b676fbab9c99e359885032e5ebc70e442f5b8"
            },
            "dist": {
                "type": "zip",
                "url": "https://api.github.com/repos/guzzle/psr7/zipball/811b676fbab9c99e359885032e5ebc70e442f5b8",
                "reference": "811b676fbab9c99e359885032e5ebc70e442f5b8",
                "shasum": ""
            },
            "require": {
                "php": ">=5.4.0",
                "psr/http-message": "~1.0"
            },
            "provide": {
                "psr/http-message-implementation": "1.0"
            },
            "require-dev": {
                "phpunit/phpunit": "~4.0"
            },
            "type": "library",
            "extra": {
                "branch-alias": {
                    "dev-master": "1.4-dev"
                }
            },
            "autoload": {
                "psr-4": {
                    "GuzzleHttp\\Psr7\\": "src/"
                },
                "files": [
                    "src/functions_include.php"
                ]
            },
            "notification-url": "https://packagist.org/downloads/",
            "license": [
                "MIT"
            ],
            "authors": [
                {
                    "name": "Michael Dowling",
                    "email": "mtdowling@gmail.com",
                    "homepage": "https://github.com/mtdowling"
                },
                {
                    "name": "Tobias Schultze",
                    "homepage": "https://github.com/Tobion"
                }
            ],
            "description": "PSR-7 message implementation that also provides common utility methods",
            "keywords": [
                "http",
                "message",
                "request",
                "response",
                "stream",
                "uri",
                "url"
            ],
            "time": "2017-07-17 09:11:21"
        },
        {
            "name": "jamiepittock/craft-typogrify",
            "version": "1.0.1",
            "source": {
                "type": "git",
                "url": "https://github.com/jamiepittock/craft-typogrify.git",
                "reference": "master"
            },
            "type": "library"
        },
        {
            "name": "jaybizzle/crawler-detect",
            "version": "v1.2.50",
            "source": {
                "type": "git",
                "url": "https://github.com/JayBizzle/Crawler-Detect.git",
                "reference": "c9638a5d7d6fc4ecfb35f32a9cc6d05bc4f5a914"
            },
            "dist": {
                "type": "zip",
                "url": "https://api.github.com/repos/JayBizzle/Crawler-Detect/zipball/c9638a5d7d6fc4ecfb35f32a9cc6d05bc4f5a914",
                "reference": "c9638a5d7d6fc4ecfb35f32a9cc6d05bc4f5a914",
                "shasum": ""
            },
            "require": {
                "php": ">=5.3.0"
            },
            "require-dev": {
                "phpunit/phpunit": "4.8.*",
                "satooshi/php-coveralls": "1.*"
            },
            "type": "library",
            "autoload": {
                "psr-4": {
                    "Jaybizzle\\CrawlerDetect\\": "src/"
                }
            },
            "notification-url": "https://packagist.org/downloads/",
            "license": [
                "MIT"
            ],
            "authors": [
                {
                    "name": "Mark Beech",
                    "email": "m@rkbee.ch",
                    "role": "Developer"
                }
            ],
            "description": "CrawlerDetect is a PHP class for detecting bots/crawlers/spiders via the user agent",
            "homepage": "https://github.com/JayBizzle/Crawler-Detect/",
            "keywords": [
                "crawler",
                "crawler detect",
                "crawler detector",
                "crawlerdetect",
                "php crawler detect"
            ],
            "time": "2017-07-03T20:56:40+00:00"
        },
        {
            "name": "michaelrog/craftfieldnotes",
            "version": "0.1",
            "source": {
                "type": "git",
                "url": "https://bitbucket.org/michaelrog/craftfieldnotes.git",
                "reference": "0.1"
            },
            "type": "library"
        },
        {
            "name": "mmikkel/CpFieldLinks-Craft",
            "version": "1.2.2",
            "source": {
                "type": "git",
                "url": "https://github.com/mmikkel/CpFieldLinks-Craft.git",
                "reference": "v.1.2.2"
            },
            "type": "library"
        },
        {
            "name": "mmikkel/Reasons-Craft",
            "version": "1.0.10",
            "source": {
                "type": "git",
                "url": "https://github.com/mmikkel/Reasons-Craft.git",
                "reference": "v.1.0.10"
            },
            "type": "library"
        },
        {
            "name": "mrclay/minify",
            "version": "2.x-dev",
            "source": {
                "type": "git",
                "url": "https://github.com/mrclay/minify.git",
                "reference": "2c83b82bfa894180335f19141794a4de1ccd06e6"
            },
            "dist": {
                "type": "zip",
                "url": "https://api.github.com/repos/mrclay/minify/zipball/2c83b82bfa894180335f19141794a4de1ccd06e6",
                "reference": "2c83b82bfa894180335f19141794a4de1ccd06e6",
                "shasum": ""
            },
            "require": {
                "ext-pcre": "*",
                "php": ">=5.2.1"
            },
            "require-dev": {
                "tubalmartin/cssmin": "~2.4.8"
            },
            "suggest": {
                "tubalmartin/cssmin": "Support minify with CSSMin (YUI PHP port)"
            },
            "type": "library",
            "autoload": {
                "classmap": [
                    "min/lib/"
                ]
            },
            "notification-url": "https://packagist.org/downloads/",
            "license": [
                "BSD-3-Clause"
            ],
            "authors": [
                {
                    "name": "Stephen Clay",
                    "email": "steve@mrclay.org",
                    "role": "Developer"
                }
            ],
            "description": "Minify is a PHP5 app that helps you follow several rules for client-side performance. It combines multiple CSS or Javascript files, removes unnecessary whitespace and comments, and serves them with gzip encoding and optimal client-side cache headers",
            "homepage": "http://code.google.com/p/minify/",
            "time": "2017-06-08 17:49:34"
        },
        {
            "name": "nystudio107/cookies",
            "version": "1.0.4",
            "source": {
                "type": "git",
                "url": "https://github.com/nystudio107/cookies.git",
                "reference": "1.0.4"
            },
            "type": "library"
        },
        {
            "name": "nystudio107/instantanalytics",
            "version": "1.1.8",
            "source": {
                "type": "git",
                "url": "https://github.com/nystudio107/instantanalytics.git",
                "reference": "0dc969c8e19421aa0cf8c776f378d678d35c77f5"
            },
            "dist": {
                "type": "zip",
                "url": "https://api.github.com/repos/nystudio107/instantanalytics/zipball/0dc969c8e19421aa0cf8c776f378d678d35c77f5",
                "reference": "0dc969c8e19421aa0cf8c776f378d678d35c77f5",
                "shasum": ""
            },
            "require": {
                "composer/installers": "~1.0",
                "jaybizzle/crawler-detect": "^1.2.26",
                "theiconic/php-ga-measurement-protocol": "^2.4.0"
            },
            "type": "craft-plugin",
            "notification-url": "https://packagist.org/downloads/",
            "description": "Instant Analytics lets you track otherwise untrackable assets & events with Google Analytics, and eliminates the need for Javascript tracking",
            "time": "2017-06-24T12:18:18+00:00"
        },
        {
            "name": "nystudio107/minify",
            "version": "1.1.2",
            "source": {
                "type": "git",
                "url": "https://github.com/nystudio107/minify.git",
                "reference": "585c41e7415f5ae11d0cb3a7798bd16478553c37"
            },
            "dist": {
                "type": "zip",
                "url": "https://api.github.com/repos/nystudio107/minify/zipball/585c41e7415f5ae11d0cb3a7798bd16478553c37",
                "reference": "585c41e7415f5ae11d0cb3a7798bd16478553c37",
                "shasum": ""
            },
            "require": {
                "composer/installers": "~1.0",
                "mrclay/minify": "^2.3.0"
            },
            "type": "craft-plugin",
            "notification-url": "https://packagist.org/downloads/",
            "description": "A simple plugin that allows you to minify blocks of HTML, CSS, and JS inline in Craft CMS templates.",
            "time": "2017-03-22T20:18:10+00:00"
        },
        {
            "name": "nystudio107/richvariables",
            "version": "1.0.5",
            "source": {
                "type": "git",
                "url": "https://github.com/nystudio107/richvariables.git",
                "reference": "c44c0267c7e7d14cec54dd2d9b9212d515d63965"
            },
            "dist": {
                "type": "zip",
                "url": "https://api.github.com/repos/nystudio107/richvariables/zipball/c44c0267c7e7d14cec54dd2d9b9212d515d63965",
                "reference": "c44c0267c7e7d14cec54dd2d9b9212d515d63965",
                "shasum": ""
            },
            "require": {
                "composer/installers": "~1.0"
            },
            "type": "craft-plugin",
            "notification-url": "https://packagist.org/downloads/",
            "authors": [
                {
                    "name": "nystudio107",
                    "homepage": "https://nystudio107.com"
                }
            ],
            "description": "Allows you to easily use Craft Globals as variables in Rich Text fields",
            "time": "2017-02-24T21:21:32+00:00"
        },
        {
            "name": "nystudio107/seomatic",
            "version": "1.1.47",
            "source": {
                "type": "git",
                "url": "https://github.com/nystudio107/seomatic.git",
                "reference": "84ca4e1c01c108533c1060e73f5d3a9b9bebc78e"
            },
            "dist": {
                "type": "zip",
                "url": "https://api.github.com/repos/nystudio107/seomatic/zipball/84ca4e1c01c108533c1060e73f5d3a9b9bebc78e",
                "reference": "84ca4e1c01c108533c1060e73f5d3a9b9bebc78e",
                "shasum": ""
            },
            "require": {
                "composer/installers": "~1.0",
                "crodas/text-rank": "dev-master",
                "davechild/textstatistics": "1.0.1",
                "sunra/php-simple-html-dom-parser": "1.5.1"
            },
            "type": "craft-plugin",
            "notification-url": "https://packagist.org/downloads/",
            "description": "A turnkey SEO implementation for Craft CMS that is comprehensive, powerful, and flexible",
            "time": "2017-06-09T04:38:14+00:00"
        },
        {
            "name": "nystudio107/transcoder",
            "version": "1.1.1",
            "source": {
                "type": "git",
                "url": "https://github.com/nystudio107/transcoder.git",
                "reference": "7545301144cc1b6ba0cb78cbec769c1d680b17dc"
            },
            "dist": {
                "type": "zip",
                "url": "https://api.github.com/repos/nystudio107/transcoder/zipball/7545301144cc1b6ba0cb78cbec769c1d680b17dc",
                "reference": "7545301144cc1b6ba0cb78cbec769c1d680b17dc",
                "shasum": ""
            },
            "require": {
                "composer/installers": "~1.0"
            },
            "type": "craft-plugin",
            "notification-url": "https://packagist.org/downloads/",
            "description": "Transcode videos to various formats, and provide thumbnails of the video",
            "time": "2017-03-05T06:21:41+00:00"
        },
        {
            "name": "pennebaker/craftcms-thearchitect",
            "version": "v1.6.0-beta.5",
            "source": {
                "type": "git",
                "url": "https://github.com/Pennebaker/craftcms-thearchitect.git",
                "reference": "8fbe180d911829171c642965c9b95d9cb9bcccaf"
            },
            "dist": {
                "type": "zip",
                "url": "https://api.github.com/repos/Pennebaker/craftcms-thearchitect/zipball/8fbe180d911829171c642965c9b95d9cb9bcccaf",
                "reference": "8fbe180d911829171c642965c9b95d9cb9bcccaf",
                "shasum": ""
            },
            "type": "craft-plugin",
            "autoload": {
                "psr-4": {
                    "": "thearchitect/"
                }
            },
            "notification-url": "https://packagist.org/downloads/",
            "license": [
                "MIT"
            ],
            "description": "CraftCMS plugin to generate content models from JSON data.",
            "homepage": "https://github.com/pennebaker/craftcms-thearchitect",
            "time": "2017-05-05T15:34:01+00:00"
        },
        {
            "name": "psr/http-message",
            "version": "dev-master",
            "source": {
                "type": "git",
                "url": "https://github.com/php-fig/http-message.git",
                "reference": "f6561bf28d520154e4b0ec72be95418abe6d9363"
            },
            "dist": {
                "type": "zip",
                "url": "https://api.github.com/repos/php-fig/http-message/zipball/f6561bf28d520154e4b0ec72be95418abe6d9363",
                "reference": "f6561bf28d520154e4b0ec72be95418abe6d9363",
                "shasum": ""
            },
            "require": {
                "php": ">=5.3.0"
            },
            "type": "library",
            "extra": {
                "branch-alias": {
                    "dev-master": "1.0.x-dev"
                }
            },
            "autoload": {
                "psr-4": {
                    "Psr\\Http\\Message\\": "src/"
                }
            },
            "notification-url": "https://packagist.org/downloads/",
            "license": [
                "MIT"
            ],
            "authors": [
                {
                    "name": "PHP-FIG",
                    "homepage": "http://www.php-fig.org/"
                }
            ],
            "description": "Common interface for HTTP messages",
            "homepage": "https://github.com/php-fig/http-message",
            "keywords": [
                "http",
                "http-message",
                "psr",
                "psr-7",
                "request",
                "response"
            ],
            "time": "2016-08-06 14:39:51"
        },
        {
            "name": "smcyr/Craft-FocusPoint",
            "version": "1.1.3",
            "source": {
                "type": "git",
                "url": "https://github.com/smcyr/Craft-FocusPoint.git",
                "reference": "1.1.3"
            },
            "type": "library"
        },
        {
            "name": "sunra/php-simple-html-dom-parser",
            "version": "v1.5.1",
            "source": {
                "type": "git",
                "url": "https://github.com/sunra/php-simple-html-dom-parser.git",
                "reference": "f910346ce47513a49ed5b8de197cde26c3f0b193"
            },
            "dist": {
                "type": "zip",
                "url": "https://api.github.com/repos/sunra/php-simple-html-dom-parser/zipball/f910346ce47513a49ed5b8de197cde26c3f0b193",
                "reference": "f910346ce47513a49ed5b8de197cde26c3f0b193",
                "shasum": ""
            },
            "require": {
                "php": ">=5.3.2"
            },
            "type": "library",
            "autoload": {
                "psr-0": {
                    "Sunra\\PhpSimple\\HtmlDomParser": "Src/"
                }
            },
            "notification-url": "https://packagist.org/downloads/",
            "license": [
                "MIT"
            ],
            "authors": [
                {
                    "name": "Sunra",
                    "email": "sunra@yandex.ru",
                    "homepage": "https://github.com/sunra"
                }
            ],
            "description": "Composer adaptation of: A HTML DOM parser written in PHP5+ let you manipulate HTML in a very easy way! Require PHP 5+. Supports invalid HTML. Find tags on an HTML page with selectors just like jQuery. Extract contents from HTML in a single line.",
            "homepage": "https://github.com/sunra/php-simple-html-dom-parser",
            "keywords": [
                "dom",
                "html",
                "parser"
            ],
            "time": "2016-05-20T11:21:15+00:00"
        },
        {
            "name": "theiconic/php-ga-measurement-protocol",
            "version": "v2.7.1",
            "source": {
                "type": "git",
                "url": "https://github.com/theiconic/php-ga-measurement-protocol.git",
                "reference": "26c09a43a25235da85131c0fa060ec1fe2b2f16f"
            },
            "dist": {
                "type": "zip",
                "url": "https://api.github.com/repos/theiconic/php-ga-measurement-protocol/zipball/26c09a43a25235da85131c0fa060ec1fe2b2f16f",
                "reference": "26c09a43a25235da85131c0fa060ec1fe2b2f16f",
                "shasum": ""
            },
            "require": {
                "guzzlehttp/guzzle": "^6.0",
                "php": ">=5.5"
            },
            "require-dev": {
                "phpunit/phpunit": "4.7.*",
                "satooshi/php-coveralls": "1.0.1"
            },
            "type": "library",
            "autoload": {
                "psr-4": {
                    "TheIconic\\Tracking\\GoogleAnalytics\\": "src/"
                }
            },
            "notification-url": "https://packagist.org/downloads/",
            "license": [
                "MIT"
            ],
            "authors": [
                {
                    "name": "THE ICONIC ENGINEERING TEAM",
                    "email": "engineering@theiconic.com.au"
                }
            ],
            "description": "Send data to Google Analytics from the server using PHP. This library fully implements GA measurement protocol.",
            "time": "2017-06-30T02:41:52+00:00"
        }
    ],
    "packages-dev": [],
    "aliases": [],
    "minimum-stability": "dev",
    "stability-flags": [],
    "prefer-stable": false,
    "prefer-lowest": false,
    "platform": [],
    "platform-dev": []
}
